
Microsoft Visual Studio Solution File, Format Version 12.00
# Visual Studio Version 17
VisualStudioVersion = 17.10.35004.147
MinimumVisualStudioVersion = 10.0.40219.1
Project("{FAE04EC0-301F-11D3-BF4B-00C04F79EFBC}") = "teste-sonar", "teste-sonar.csproj", "{84F140AC-FEC1-4852-8DB6-EB2B41EA8A59}"
EndProject
Global
	GlobalSection(SolutionConfigurationPlatforms) = preSolution
		Debug|Any CPU = Debug|Any CPU
		Release|Any CPU = Release|Any CPU
	EndGlobalSection
	GlobalSection(ProjectConfigurationPlatforms) = postSolution
		{84F140AC-FEC1-4852-8DB6-EB2B41EA8A59}.Debug|Any CPU.ActiveCfg = Debug|Any CPU
		{84F140AC-FEC1-4852-8DB6-EB2B41EA8A59}.Debug|Any CPU.Build.0 = Debug|Any CPU
		{84F140AC-FEC1-4852-8DB6-EB2B41EA8A59}.Release|Any CPU.ActiveCfg = Release|Any CPU
		{84F140AC-FEC1-4852-8DB6-EB2B41EA8A59}.Release|Any CPU.Build.0 = Release|Any CPU
	EndGlobalSection
	GlobalSection(SolutionProperties) = preSolution
		HideSolutionNode = FALSE
	EndGlobalSection
	GlobalSection(ExtensibilityGlobals) = postSolution
		SolutionGuid = {B02532EE-7E6F-49DB-9F91-BC07993FA570}
	EndGlobalSection
EndGlobal
